
Microsoft Visual Studio Solution File, Format Version 12.00
# Visual Studio 14
VisualStudioVersion = 14.0.25420.1
MinimumVisualStudioVersion = 10.0.40219.1
Project("{FAE04EC0-301F-11D3-BF4B-00C04F79EFBC}") = "UnityLearnning", "UnityLearnning\UnityLearnning.csproj", "{C042166D-E5EB-4298-B13F-D49EEE907865}"
EndProject
Project("{FAE04EC0-301F-11D3-BF4B-00C04F79EFBC}") = "UnityLearnning_Test", "UnityLearnning_Test\UnityLearnning_Test.csproj", "{1BE49C67-DF47-4496-B42D-047105E5AAB7}"
EndProject
Project("{FAE04EC0-301F-11D3-BF4B-00C04F79EFBC}") = "UnityWeb", "UnityWeb\UnityWeb.csproj", "{99E85B5F-6254-4947-AAE7-D500A52810BA}"
EndProject
Global
	GlobalSection(SolutionConfigurationPlatforms) = preSolution
		Debug|Any CPU = Debug|Any CPU
		Release|Any CPU = Release|Any CPU
	EndGlobalSection
	GlobalSection(ProjectConfigurationPlatforms) = postSolution
		{C042166D-E5EB-4298-B13F-D49EEE907865}.Debug|Any CPU.ActiveCfg = Debug|Any CPU
		{C042166D-E5EB-4298-B13F-D49EEE907865}.Debug|Any CPU.Build.0 = Debug|Any CPU
		{C042166D-E5EB-4298-B13F-D49EEE907865}.Release|Any CPU.ActiveCfg = Release|Any CPU
		{C042166D-E5EB-4298-B13F-D49EEE907865}.Release|Any CPU.Build.0 = Release|Any CPU
		{1BE49C67-DF47-4496-B42D-047105E5AAB7}.Debug|Any CPU.ActiveCfg = Debug|Any CPU
		{1BE49C67-DF47-4496-B42D-047105E5AAB7}.Debug|Any CPU.Build.0 = Debug|Any CPU
		{1BE49C67-DF47-4496-B42D-047105E5AAB7}.Release|Any CPU.ActiveCfg = Release|Any CPU
		{1BE49C67-DF47-4496-B42D-047105E5AAB7}.Release|Any CPU.Build.0 = Release|Any CPU
		{99E85B5F-6254-4947-AAE7-D500A52810BA}.Debug|Any CPU.ActiveCfg = Debug|Any CPU
		{99E85B5F-6254-4947-AAE7-D500A52810BA}.Debug|Any CPU.Build.0 = Debug|Any CPU
		{99E85B5F-6254-4947-AAE7-D500A52810BA}.Release|Any CPU.ActiveCfg = Release|Any CPU
		{99E85B5F-6254-4947-AAE7-D500A52810BA}.Release|Any CPU.Build.0 = Release|Any CPU
	EndGlobalSection
	GlobalSection(SolutionProperties) = preSolution
		HideSolutionNode = FALSE
	EndGlobalSection
EndGlobal
